
Microsoft Visual Studio Solution File, Format Version 11.00
# Visual Studio 2010
Project("{8BC9CEB8-8B4A-11D0-8D11-00A0C91BC942}") = "bmi_wintcp", "bmi_wintcp\bmi_wintcp.vcxproj", "{62A89A5C-1B78-40B7-BB6A-6E5A06DB06E1}"
EndProject
Project("{8BC9CEB8-8B4A-11D0-8D11-00A0C91BC942}") = "gen-locks", "gen-locks\gen-locks.vcxproj", "{9138ABF9-041F-4A55-9E87-0F433719F4FC}"
EndProject
Project("{8BC9CEB8-8B4A-11D0-8D11-00A0C91BC942}") = "gen-locks-test", "gen-locks-test\gen-locks-test.vcxproj", "{0217A4B0-3C9A-4892-9ACB-984653820AC3}"
	ProjectSection(ProjectDependencies) = postProject
		{9138ABF9-041F-4A55-9E87-0F433719F4FC} = {9138ABF9-041F-4A55-9E87-0F433719F4FC}
	EndProjectSection
EndProject
Project("{8BC9CEB8-8B4A-11D0-8D11-00A0C91BC942}") = "bmi_misc", "bmi_misc\bmi_misc.vcxproj", "{A7C0F968-DACA-4BFE-B36F-46FDAEB8EF1D}"
EndProject
Global
	GlobalSection(SolutionConfigurationPlatforms) = preSolution
		Debug|Win32 = Debug|Win32
		Release|Win32 = Release|Win32
	EndGlobalSection
	GlobalSection(ProjectConfigurationPlatforms) = postSolution
		{62A89A5C-1B78-40B7-BB6A-6E5A06DB06E1}.Debug|Win32.ActiveCfg = Debug|Win32
		{62A89A5C-1B78-40B7-BB6A-6E5A06DB06E1}.Debug|Win32.Build.0 = Debug|Win32
		{62A89A5C-1B78-40B7-BB6A-6E5A06DB06E1}.Release|Win32.ActiveCfg = Release|Win32
		{9138ABF9-041F-4A55-9E87-0F433719F4FC}.Debug|Win32.ActiveCfg = Debug|Win32
		{9138ABF9-041F-4A55-9E87-0F433719F4FC}.Debug|Win32.Build.0 = Debug|Win32
		{9138ABF9-041F-4A55-9E87-0F433719F4FC}.Release|Win32.ActiveCfg = Release|Win32
		{9138ABF9-041F-4A55-9E87-0F433719F4FC}.Release|Win32.Build.0 = Release|Win32
		{0217A4B0-3C9A-4892-9ACB-984653820AC3}.Debug|Win32.ActiveCfg = Debug|Win32
		{0217A4B0-3C9A-4892-9ACB-984653820AC3}.Release|Win32.ActiveCfg = Release|Win32
		{0217A4B0-3C9A-4892-9ACB-984653820AC3}.Release|Win32.Build.0 = Release|Win32
		{A7C0F968-DACA-4BFE-B36F-46FDAEB8EF1D}.Debug|Win32.ActiveCfg = Debug|Win32
		{A7C0F968-DACA-4BFE-B36F-46FDAEB8EF1D}.Debug|Win32.Build.0 = Debug|Win32
		{A7C0F968-DACA-4BFE-B36F-46FDAEB8EF1D}.Release|Win32.ActiveCfg = Release|Win32
		{A7C0F968-DACA-4BFE-B36F-46FDAEB8EF1D}.Release|Win32.Build.0 = Release|Win32
	EndGlobalSection
	GlobalSection(SolutionProperties) = preSolution
		HideSolutionNode = FALSE
	EndGlobalSection
EndGlobal
