
Microsoft Visual Studio Solution File, Format Version 11.00
# Visual Studio 2010
Project("{8BC9CEB8-8B4A-11D0-8D11-00A0C91BC942}") = "bmi_wintcp", "bmi_wintcp\bmi_wintcp.vcxproj", "{62A89A5C-1B78-40B7-BB6A-6E5A06DB06E1}"
	ProjectSection(ProjectDependencies) = postProject
		{9C95DF0D-5B60-4E94-94ED-000861C651B4} = {9C95DF0D-5B60-4E94-94ED-000861C651B4}
		{A7C0F968-DACA-4BFE-B36F-46FDAEB8EF1D} = {A7C0F968-DACA-4BFE-B36F-46FDAEB8EF1D}
		{9138ABF9-041F-4A55-9E87-0F433719F4FC} = {9138ABF9-041F-4A55-9E87-0F433719F4FC}
	EndProjectSection
EndProject
Project("{8BC9CEB8-8B4A-11D0-8D11-00A0C91BC942}") = "gen-locks", "gen-locks\gen-locks.vcxproj", "{9138ABF9-041F-4A55-9E87-0F433719F4FC}"
EndProject
Project("{8BC9CEB8-8B4A-11D0-8D11-00A0C91BC942}") = "gen-locks-test", "gen-locks-test\gen-locks-test.vcxproj", "{0217A4B0-3C9A-4892-9ACB-984653820AC3}"
	ProjectSection(ProjectDependencies) = postProject
		{9138ABF9-041F-4A55-9E87-0F433719F4FC} = {9138ABF9-041F-4A55-9E87-0F433719F4FC}
	EndProjectSection
EndProject
Project("{8BC9CEB8-8B4A-11D0-8D11-00A0C91BC942}") = "bmi_misc", "bmi_misc\bmi_misc.vcxproj", "{A7C0F968-DACA-4BFE-B36F-46FDAEB8EF1D}"
EndProject
Project("{8BC9CEB8-8B4A-11D0-8D11-00A0C91BC942}") = "gossip", "gossip\gossip.vcxproj", "{9C95DF0D-5B60-4E94-94ED-000861C651B4}"
EndProject
Project("{8BC9CEB8-8B4A-11D0-8D11-00A0C91BC942}") = "id-generator", "id-generator\id-generator.vcxproj", "{0CBAD436-373C-4F35-A620-2D46C12D8FE0}"
EndProject
Project("{8BC9CEB8-8B4A-11D0-8D11-00A0C91BC942}") = "bmi", "bmi\bmi.vcxproj", "{B7F1BEBC-F833-448A-829A-3505019C8169}"
EndProject
Project("{8BC9CEB8-8B4A-11D0-8D11-00A0C91BC942}") = "test-bmi-client", "test-bmi-client\test-bmi-client.vcxproj", "{490C6444-6931-4D69-9EC0-B104920591ED}"
	ProjectSection(ProjectDependencies) = postProject
		{9C95DF0D-5B60-4E94-94ED-000861C651B4} = {9C95DF0D-5B60-4E94-94ED-000861C651B4}
		{0CBAD436-373C-4F35-A620-2D46C12D8FE0} = {0CBAD436-373C-4F35-A620-2D46C12D8FE0}
		{62A89A5C-1B78-40B7-BB6A-6E5A06DB06E1} = {62A89A5C-1B78-40B7-BB6A-6E5A06DB06E1}
		{A7C0F968-DACA-4BFE-B36F-46FDAEB8EF1D} = {A7C0F968-DACA-4BFE-B36F-46FDAEB8EF1D}
		{B7F1BEBC-F833-448A-829A-3505019C8169} = {B7F1BEBC-F833-448A-829A-3505019C8169}
		{9138ABF9-041F-4A55-9E87-0F433719F4FC} = {9138ABF9-041F-4A55-9E87-0F433719F4FC}
	EndProjectSection
EndProject
Project("{8BC9CEB8-8B4A-11D0-8D11-00A0C91BC942}") = "test-bmi-server", "test-bmi-server\test-bmi-server.vcxproj", "{AC842F24-4342-42D1-928D-19176B22917C}"
	ProjectSection(ProjectDependencies) = postProject
		{9C95DF0D-5B60-4E94-94ED-000861C651B4} = {9C95DF0D-5B60-4E94-94ED-000861C651B4}
		{0CBAD436-373C-4F35-A620-2D46C12D8FE0} = {0CBAD436-373C-4F35-A620-2D46C12D8FE0}
		{62A89A5C-1B78-40B7-BB6A-6E5A06DB06E1} = {62A89A5C-1B78-40B7-BB6A-6E5A06DB06E1}
		{A7C0F968-DACA-4BFE-B36F-46FDAEB8EF1D} = {A7C0F968-DACA-4BFE-B36F-46FDAEB8EF1D}
		{B7F1BEBC-F833-448A-829A-3505019C8169} = {B7F1BEBC-F833-448A-829A-3505019C8169}
		{9138ABF9-041F-4A55-9E87-0F433719F4FC} = {9138ABF9-041F-4A55-9E87-0F433719F4FC}
	EndProjectSection
EndProject
Project("{8BC9CEB8-8B4A-11D0-8D11-00A0C91BC942}") = "pingpong", "pingpong\pingpong.vcxproj", "{FFC13E16-9EC8-44CA-87CC-ACE877DC3A95}"
	ProjectSection(ProjectDependencies) = postProject
		{9C95DF0D-5B60-4E94-94ED-000861C651B4} = {9C95DF0D-5B60-4E94-94ED-000861C651B4}
		{0CBAD436-373C-4F35-A620-2D46C12D8FE0} = {0CBAD436-373C-4F35-A620-2D46C12D8FE0}
		{62A89A5C-1B78-40B7-BB6A-6E5A06DB06E1} = {62A89A5C-1B78-40B7-BB6A-6E5A06DB06E1}
		{A7C0F968-DACA-4BFE-B36F-46FDAEB8EF1D} = {A7C0F968-DACA-4BFE-B36F-46FDAEB8EF1D}
		{B7F1BEBC-F833-448A-829A-3505019C8169} = {B7F1BEBC-F833-448A-829A-3505019C8169}
		{9138ABF9-041F-4A55-9E87-0F433719F4FC} = {9138ABF9-041F-4A55-9E87-0F433719F4FC}
	EndProjectSection
EndProject
Global
	GlobalSection(SolutionConfigurationPlatforms) = preSolution
		Debug|Win32 = Debug|Win32
		Release|Win32 = Release|Win32
	EndGlobalSection
	GlobalSection(ProjectConfigurationPlatforms) = postSolution
		{62A89A5C-1B78-40B7-BB6A-6E5A06DB06E1}.Debug|Win32.ActiveCfg = Debug|Win32
		{62A89A5C-1B78-40B7-BB6A-6E5A06DB06E1}.Debug|Win32.Build.0 = Debug|Win32
		{62A89A5C-1B78-40B7-BB6A-6E5A06DB06E1}.Release|Win32.ActiveCfg = Release|Win32
		{62A89A5C-1B78-40B7-BB6A-6E5A06DB06E1}.Release|Win32.Build.0 = Release|Win32
		{9138ABF9-041F-4A55-9E87-0F433719F4FC}.Debug|Win32.ActiveCfg = Debug|Win32
		{9138ABF9-041F-4A55-9E87-0F433719F4FC}.Debug|Win32.Build.0 = Debug|Win32
		{9138ABF9-041F-4A55-9E87-0F433719F4FC}.Release|Win32.ActiveCfg = Release|Win32
		{9138ABF9-041F-4A55-9E87-0F433719F4FC}.Release|Win32.Build.0 = Release|Win32
		{0217A4B0-3C9A-4892-9ACB-984653820AC3}.Debug|Win32.ActiveCfg = Debug|Win32
		{0217A4B0-3C9A-4892-9ACB-984653820AC3}.Release|Win32.ActiveCfg = Release|Win32
		{A7C0F968-DACA-4BFE-B36F-46FDAEB8EF1D}.Debug|Win32.ActiveCfg = Debug|Win32
		{A7C0F968-DACA-4BFE-B36F-46FDAEB8EF1D}.Debug|Win32.Build.0 = Debug|Win32
		{A7C0F968-DACA-4BFE-B36F-46FDAEB8EF1D}.Release|Win32.ActiveCfg = Release|Win32
		{A7C0F968-DACA-4BFE-B36F-46FDAEB8EF1D}.Release|Win32.Build.0 = Release|Win32
		{9C95DF0D-5B60-4E94-94ED-000861C651B4}.Debug|Win32.ActiveCfg = Debug|Win32
		{9C95DF0D-5B60-4E94-94ED-000861C651B4}.Debug|Win32.Build.0 = Debug|Win32
		{9C95DF0D-5B60-4E94-94ED-000861C651B4}.Release|Win32.ActiveCfg = Release|Win32
		{9C95DF0D-5B60-4E94-94ED-000861C651B4}.Release|Win32.Build.0 = Release|Win32
		{0CBAD436-373C-4F35-A620-2D46C12D8FE0}.Debug|Win32.ActiveCfg = Debug|Win32
		{0CBAD436-373C-4F35-A620-2D46C12D8FE0}.Debug|Win32.Build.0 = Debug|Win32
		{0CBAD436-373C-4F35-A620-2D46C12D8FE0}.Release|Win32.ActiveCfg = Release|Win32
		{0CBAD436-373C-4F35-A620-2D46C12D8FE0}.Release|Win32.Build.0 = Release|Win32
		{B7F1BEBC-F833-448A-829A-3505019C8169}.Debug|Win32.ActiveCfg = Debug|Win32
		{B7F1BEBC-F833-448A-829A-3505019C8169}.Debug|Win32.Build.0 = Debug|Win32
		{B7F1BEBC-F833-448A-829A-3505019C8169}.Release|Win32.ActiveCfg = Release|Win32
		{B7F1BEBC-F833-448A-829A-3505019C8169}.Release|Win32.Build.0 = Release|Win32
		{490C6444-6931-4D69-9EC0-B104920591ED}.Debug|Win32.ActiveCfg = Debug|Win32
		{490C6444-6931-4D69-9EC0-B104920591ED}.Debug|Win32.Build.0 = Debug|Win32
		{490C6444-6931-4D69-9EC0-B104920591ED}.Release|Win32.ActiveCfg = Release|Win32
		{490C6444-6931-4D69-9EC0-B104920591ED}.Release|Win32.Build.0 = Release|Win32
		{AC842F24-4342-42D1-928D-19176B22917C}.Debug|Win32.ActiveCfg = Debug|Win32
		{AC842F24-4342-42D1-928D-19176B22917C}.Debug|Win32.Build.0 = Debug|Win32
		{AC842F24-4342-42D1-928D-19176B22917C}.Release|Win32.ActiveCfg = Release|Win32
		{AC842F24-4342-42D1-928D-19176B22917C}.Release|Win32.Build.0 = Release|Win32
		{FFC13E16-9EC8-44CA-87CC-ACE877DC3A95}.Debug|Win32.ActiveCfg = Debug|Win32
		{FFC13E16-9EC8-44CA-87CC-ACE877DC3A95}.Debug|Win32.Build.0 = Debug|Win32
		{FFC13E16-9EC8-44CA-87CC-ACE877DC3A95}.Release|Win32.ActiveCfg = Release|Win32
		{FFC13E16-9EC8-44CA-87CC-ACE877DC3A95}.Release|Win32.Build.0 = Release|Win32
	EndGlobalSection
	GlobalSection(SolutionProperties) = preSolution
		HideSolutionNode = FALSE
	EndGlobalSection
EndGlobal
