Microsoft Visual Studio Solution File, Format Version 12.00
# Visual Studio Version 17
VisualStudioVersion = 17.1.32421.90
MinimumVisualStudioVersion = 10.0.40219.1
Project("{8BC9CEB8-8B4A-11D0-8D11-00A0C91BC942}") = "bmi", "..\OrangeFS\bmi\bmi-vs2022.vcxproj", "{F32B2B74-922D-4567-9844-CCDD7A364AA0}"
EndProject
Project("{8BC9CEB8-8B4A-11D0-8D11-00A0C91BC942}") = "bmi_misc", "..\OrangeFS\bmi_misc\bmi_misc-vs2022.vcxproj", "{A7C0F968-DACA-4BFE-B36F-46FDAEB8EF1D}"
EndProject
Project("{8BC9CEB8-8B4A-11D0-8D11-00A0C91BC942}") = "bmi_wintcp", "..\OrangeFS\bmi_wintcp\bmi_wintcp-vs2022.vcxproj", "{62A89A5C-1B78-40B7-BB6A-6E5A06DB06E1}"
EndProject
Project("{8BC9CEB8-8B4A-11D0-8D11-00A0C91BC942}") = "client-test", "client-test\client-test-vs2022.vcxproj", "{28761587-FE68-4AEB-8BF0-AB73484A0AD4}"
EndProject
Project("{8BC9CEB8-8B4A-11D0-8D11-00A0C91BC942}") = "description", "..\OrangeFS\description\description-vs2022.vcxproj", "{36810FAE-CC16-4F63-90E4-8AEF095B58D8}"
EndProject
Project("{8BC9CEB8-8B4A-11D0-8D11-00A0C91BC942}") = "dev", "..\OrangeFS\dev\dev-vs2022.vcxproj", "{BC214BA7-319E-47E3-8F00-E0355A7E1F51}"
EndProject
Project("{8BC9CEB8-8B4A-11D0-8D11-00A0C91BC942}") = "driver-bw-multi", "..\OrangeFS\driver-bw-multi\driver-bw-multi-vs2022.vcxproj", "{3F8422F7-8EC5-4FF0-BCEF-F6CB35742290}"
EndProject
Project("{8BC9CEB8-8B4A-11D0-8D11-00A0C91BC942}") = "flow", "..\OrangeFS\flow\flow-vs2022.vcxproj", "{9B1C78DC-D1F2-4857-85D0-A649D9515B40}"
EndProject
Project("{8BC9CEB8-8B4A-11D0-8D11-00A0C91BC942}") = "gen-locks", "..\OrangeFS\gen-locks\gen-locks-vs2022.vcxproj", "{9138ABF9-041F-4A55-9E87-0F433719F4FC}"
EndProject
Project("{8BC9CEB8-8B4A-11D0-8D11-00A0C91BC942}") = "gen-locks-test", "..\OrangeFS\gen-locks-test\gen-locks-test-vs2022.vcxproj", "{0217A4B0-3C9A-4892-9ACB-984653820AC3}"
	ProjectSection(ProjectDependencies) = postProject
		{9138ABF9-041F-4A55-9E87-0F433719F4FC} = {9138ABF9-041F-4A55-9E87-0F433719F4FC}
	EndProjectSection
EndProject
Project("{8BC9CEB8-8B4A-11D0-8D11-00A0C91BC942}") = "gossip", "..\OrangeFS\gossip\gossip-vs2022.vcxproj", "{9C95DF0D-5B60-4E94-94ED-000861C651B4}"
EndProject
Project("{8BC9CEB8-8B4A-11D0-8D11-00A0C91BC942}") = "id-generator", "..\OrangeFS\id-generator\id-generator-vs2022.vcxproj", "{0CBAD436-373C-4F35-A620-2D46C12D8FE0}"
EndProject
Project("{8BC9CEB8-8B4A-11D0-8D11-00A0C91BC942}") = "job", "..\OrangeFS\job\job-vs2022.vcxproj", "{C0F175D2-0285-4C14-8362-98CEBF0C306F}"
EndProject
Project("{8BC9CEB8-8B4A-11D0-8D11-00A0C91BC942}") = "misc", "..\OrangeFS\misc\misc-vs2022.vcxproj", "{7506190B-64BE-4D64-95A4-4C22D48E0994}"
EndProject
Project("{8BC9CEB8-8B4A-11D0-8D11-00A0C91BC942}") = "pingpong", "..\OrangeFS\pingpong\pingpong-vs2022.vcxproj", "{FFC13E16-9EC8-44CA-87CC-ACE877DC3A95}"
EndProject
Project("{8BC9CEB8-8B4A-11D0-8D11-00A0C91BC942}") = "posix-test", "posix-test\posix-test-vs2022.vcxproj", "{D3738B06-0CF0-438F-856D-AA92B07F584E}"
EndProject
Project("{8BC9CEB8-8B4A-11D0-8D11-00A0C91BC942}") = "proto", "..\OrangeFS\proto\proto-vs2022.vcxproj", "{2F406AB6-D010-4196-A523-FAE6F2B1585F}"
EndProject
Project("{8BC9CEB8-8B4A-11D0-8D11-00A0C91BC942}") = "pvfs2-ls", "..\OrangeFS\pvfs2-ls\pvfs2-ls-vs2022.vcxproj", "{09F8C9E4-1E99-4EBB-88E6-2A2CA290D718}"
EndProject
Project("{8BC9CEB8-8B4A-11D0-8D11-00A0C91BC942}") = "request-scheduler", "..\OrangeFS\request-scheduler\request-scheduler-vs2022.vcxproj", "{AB729944-B3C0-44B4-8A63-ADB6C2CDA177}"
EndProject
Project("{8BC9CEB8-8B4A-11D0-8D11-00A0C91BC942}") = "sysint-client", "..\OrangeFS\sysint-client\sysint-client-vs2022.vcxproj", "{CD20A8BE-CC52-465E-9F40-A97A3912ED14}"
EndProject
Project("{8BC9CEB8-8B4A-11D0-8D11-00A0C91BC942}") = "test-bmi-client", "..\OrangeFS\test-bmi-client\test-bmi-client-vs2022.vcxproj", "{490C6444-6931-4D69-9EC0-B104920591ED}"
EndProject
Project("{8BC9CEB8-8B4A-11D0-8D11-00A0C91BC942}") = "test-bmi-server", "..\OrangeFS\test-bmi-server\test-bmi-server-vs2022.vcxproj", "{AC842F24-4342-42D1-928D-19176B22917C}"
EndProject
Project("{8BC9CEB8-8B4A-11D0-8D11-00A0C91BC942}") = "test-client", "..\OrangeFS\test-client\test-client-vs2022.vcxproj", "{59933D52-BFFA-404B-9613-B2474CB863E1}"
EndProject
Project("{8BC9CEB8-8B4A-11D0-8D11-00A0C91BC942}") = "test-job-client", "..\OrangeFS\test-job-client\test-job-client-vs2022.vcxproj", "{D6CACA33-BA60-4B05-B84C-1D2BA72F0018}"
EndProject
Project("{8BC9CEB8-8B4A-11D0-8D11-00A0C91BC942}") = "test-job-server", "..\OrangeFS\test-job-server\test-job-server-vs2022.vcxproj", "{049B9EB5-0CA0-417E-9D63-651C81997898}"
EndProject
Global
	GlobalSection(SolutionConfigurationPlatforms) = preSolution
		Debug|Win32 = Debug|Win32
		Debug|x64 = Debug|x64
		MemLeaks|Win32 = MemLeaks|Win32
		MemLeaks|x64 = MemLeaks|x64
		Release|Win32 = Release|Win32
		Release|x64 = Release|x64
	EndGlobalSection
	GlobalSection(ProjectConfigurationPlatforms) = postSolution
		{F32B2B74-922D-4567-9844-CCDD7A364AA0}.Debug|Win32.ActiveCfg = Debug|Win32
		{F32B2B74-922D-4567-9844-CCDD7A364AA0}.Debug|Win32.Build.0 = Debug|Win32
		{F32B2B74-922D-4567-9844-CCDD7A364AA0}.Debug|x64.ActiveCfg = Debug|x64
		{F32B2B74-922D-4567-9844-CCDD7A364AA0}.Debug|x64.Build.0 = Debug|x64
		{F32B2B74-922D-4567-9844-CCDD7A364AA0}.MemLeaks|Win32.ActiveCfg = MemLeaks|Win32
		{F32B2B74-922D-4567-9844-CCDD7A364AA0}.MemLeaks|Win32.Build.0 = MemLeaks|Win32
		{F32B2B74-922D-4567-9844-CCDD7A364AA0}.MemLeaks|x64.ActiveCfg = MemLeaks|x64
		{F32B2B74-922D-4567-9844-CCDD7A364AA0}.MemLeaks|x64.Build.0 = MemLeaks|x64
		{F32B2B74-922D-4567-9844-CCDD7A364AA0}.Release|Win32.ActiveCfg = Release|Win32
		{F32B2B74-922D-4567-9844-CCDD7A364AA0}.Release|Win32.Build.0 = Release|Win32
		{F32B2B74-922D-4567-9844-CCDD7A364AA0}.Release|x64.ActiveCfg = Release|x64
		{F32B2B74-922D-4567-9844-CCDD7A364AA0}.Release|x64.Build.0 = Release|x64
		{A7C0F968-DACA-4BFE-B36F-46FDAEB8EF1D}.Debug|Win32.ActiveCfg = Debug|Win32
		{A7C0F968-DACA-4BFE-B36F-46FDAEB8EF1D}.Debug|Win32.Build.0 = Debug|Win32
		{A7C0F968-DACA-4BFE-B36F-46FDAEB8EF1D}.Debug|x64.ActiveCfg = Debug|x64
		{A7C0F968-DACA-4BFE-B36F-46FDAEB8EF1D}.Debug|x64.Build.0 = Debug|x64
		{A7C0F968-DACA-4BFE-B36F-46FDAEB8EF1D}.MemLeaks|Win32.ActiveCfg = MemLeaks|Win32
		{A7C0F968-DACA-4BFE-B36F-46FDAEB8EF1D}.MemLeaks|Win32.Build.0 = MemLeaks|Win32
		{A7C0F968-DACA-4BFE-B36F-46FDAEB8EF1D}.MemLeaks|x64.ActiveCfg = MemLeaks|x64
		{A7C0F968-DACA-4BFE-B36F-46FDAEB8EF1D}.MemLeaks|x64.Build.0 = MemLeaks|x64
		{A7C0F968-DACA-4BFE-B36F-46FDAEB8EF1D}.Release|Win32.ActiveCfg = Release|Win32
		{A7C0F968-DACA-4BFE-B36F-46FDAEB8EF1D}.Release|Win32.Build.0 = Release|Win32
		{A7C0F968-DACA-4BFE-B36F-46FDAEB8EF1D}.Release|x64.ActiveCfg = Release|x64
		{A7C0F968-DACA-4BFE-B36F-46FDAEB8EF1D}.Release|x64.Build.0 = Release|x64
		{62A89A5C-1B78-40B7-BB6A-6E5A06DB06E1}.Debug|Win32.ActiveCfg = Debug|Win32
		{62A89A5C-1B78-40B7-BB6A-6E5A06DB06E1}.Debug|Win32.Build.0 = Debug|Win32
		{62A89A5C-1B78-40B7-BB6A-6E5A06DB06E1}.Debug|x64.ActiveCfg = Debug|x64
		{62A89A5C-1B78-40B7-BB6A-6E5A06DB06E1}.Debug|x64.Build.0 = Debug|x64
		{62A89A5C-1B78-40B7-BB6A-6E5A06DB06E1}.MemLeaks|Win32.ActiveCfg = MemLeaks|Win32
		{62A89A5C-1B78-40B7-BB6A-6E5A06DB06E1}.MemLeaks|Win32.Build.0 = MemLeaks|Win32
		{62A89A5C-1B78-40B7-BB6A-6E5A06DB06E1}.MemLeaks|x64.ActiveCfg = MemLeaks|x64
		{62A89A5C-1B78-40B7-BB6A-6E5A06DB06E1}.MemLeaks|x64.Build.0 = MemLeaks|x64
		{62A89A5C-1B78-40B7-BB6A-6E5A06DB06E1}.Release|Win32.ActiveCfg = Release|Win32
		{62A89A5C-1B78-40B7-BB6A-6E5A06DB06E1}.Release|Win32.Build.0 = Release|Win32
		{62A89A5C-1B78-40B7-BB6A-6E5A06DB06E1}.Release|x64.ActiveCfg = Release|x64
		{62A89A5C-1B78-40B7-BB6A-6E5A06DB06E1}.Release|x64.Build.0 = Release|x64
		{28761587-FE68-4AEB-8BF0-AB73484A0AD4}.Debug|Win32.ActiveCfg = Debug|Win32
		{28761587-FE68-4AEB-8BF0-AB73484A0AD4}.Debug|Win32.Build.0 = Debug|Win32
		{28761587-FE68-4AEB-8BF0-AB73484A0AD4}.Debug|x64.ActiveCfg = Debug|x64
		{28761587-FE68-4AEB-8BF0-AB73484A0AD4}.Debug|x64.Build.0 = Debug|x64
		{28761587-FE68-4AEB-8BF0-AB73484A0AD4}.MemLeaks|Win32.ActiveCfg = Debug|Win32
		{28761587-FE68-4AEB-8BF0-AB73484A0AD4}.MemLeaks|Win32.Build.0 = Debug|Win32
		{28761587-FE68-4AEB-8BF0-AB73484A0AD4}.MemLeaks|x64.ActiveCfg = Debug|x64
		{28761587-FE68-4AEB-8BF0-AB73484A0AD4}.MemLeaks|x64.Build.0 = Debug|x64
		{28761587-FE68-4AEB-8BF0-AB73484A0AD4}.Release|Win32.ActiveCfg = Release|Win32
		{28761587-FE68-4AEB-8BF0-AB73484A0AD4}.Release|Win32.Build.0 = Release|Win32
		{28761587-FE68-4AEB-8BF0-AB73484A0AD4}.Release|x64.ActiveCfg = Release|x64
		{28761587-FE68-4AEB-8BF0-AB73484A0AD4}.Release|x64.Build.0 = Release|x64
		{36810FAE-CC16-4F63-90E4-8AEF095B58D8}.Debug|Win32.ActiveCfg = Debug|Win32
		{36810FAE-CC16-4F63-90E4-8AEF095B58D8}.Debug|Win32.Build.0 = Debug|Win32
		{36810FAE-CC16-4F63-90E4-8AEF095B58D8}.Debug|x64.ActiveCfg = Debug|x64
		{36810FAE-CC16-4F63-90E4-8AEF095B58D8}.Debug|x64.Build.0 = Debug|x64
		{36810FAE-CC16-4F63-90E4-8AEF095B58D8}.MemLeaks|Win32.ActiveCfg = MemLeaks|Win32
		{36810FAE-CC16-4F63-90E4-8AEF095B58D8}.MemLeaks|Win32.Build.0 = MemLeaks|Win32
		{36810FAE-CC16-4F63-90E4-8AEF095B58D8}.MemLeaks|x64.ActiveCfg = MemLeaks|x64
		{36810FAE-CC16-4F63-90E4-8AEF095B58D8}.MemLeaks|x64.Build.0 = MemLeaks|x64
		{36810FAE-CC16-4F63-90E4-8AEF095B58D8}.Release|Win32.ActiveCfg = Release|Win32
		{36810FAE-CC16-4F63-90E4-8AEF095B58D8}.Release|Win32.Build.0 = Release|Win32
		{36810FAE-CC16-4F63-90E4-8AEF095B58D8}.Release|x64.ActiveCfg = Release|x64
		{36810FAE-CC16-4F63-90E4-8AEF095B58D8}.Release|x64.Build.0 = Release|x64
		{BC214BA7-319E-47E3-8F00-E0355A7E1F51}.Debug|Win32.ActiveCfg = Debug|Win32
		{BC214BA7-319E-47E3-8F00-E0355A7E1F51}.Debug|Win32.Build.0 = Debug|Win32
		{BC214BA7-319E-47E3-8F00-E0355A7E1F51}.Debug|x64.ActiveCfg = Debug|x64
		{BC214BA7-319E-47E3-8F00-E0355A7E1F51}.Debug|x64.Build.0 = Debug|x64
		{BC214BA7-319E-47E3-8F00-E0355A7E1F51}.MemLeaks|Win32.ActiveCfg = MemLeaks|Win32
		{BC214BA7-319E-47E3-8F00-E0355A7E1F51}.MemLeaks|Win32.Build.0 = MemLeaks|Win32
		{BC214BA7-319E-47E3-8F00-E0355A7E1F51}.MemLeaks|x64.ActiveCfg = MemLeaks|x64
		{BC214BA7-319E-47E3-8F00-E0355A7E1F51}.MemLeaks|x64.Build.0 = MemLeaks|x64
		{BC214BA7-319E-47E3-8F00-E0355A7E1F51}.Release|Win32.ActiveCfg = Release|Win32
		{BC214BA7-319E-47E3-8F00-E0355A7E1F51}.Release|Win32.Build.0 = Release|Win32
		{BC214BA7-319E-47E3-8F00-E0355A7E1F51}.Release|x64.ActiveCfg = Release|x64
		{BC214BA7-319E-47E3-8F00-E0355A7E1F51}.Release|x64.Build.0 = Release|x64
		{3F8422F7-8EC5-4FF0-BCEF-F6CB35742290}.Debug|Win32.ActiveCfg = Debug|Win32
		{3F8422F7-8EC5-4FF0-BCEF-F6CB35742290}.Debug|Win32.Build.0 = Debug|Win32
		{3F8422F7-8EC5-4FF0-BCEF-F6CB35742290}.Debug|x64.ActiveCfg = Debug|x64
		{3F8422F7-8EC5-4FF0-BCEF-F6CB35742290}.MemLeaks|Win32.ActiveCfg = Debug|Win32
		{3F8422F7-8EC5-4FF0-BCEF-F6CB35742290}.MemLeaks|Win32.Build.0 = Debug|Win32
		{3F8422F7-8EC5-4FF0-BCEF-F6CB35742290}.MemLeaks|x64.ActiveCfg = Debug|x64
		{3F8422F7-8EC5-4FF0-BCEF-F6CB35742290}.MemLeaks|x64.Build.0 = Debug|x64
		{3F8422F7-8EC5-4FF0-BCEF-F6CB35742290}.Release|Win32.ActiveCfg = Release|Win32
		{3F8422F7-8EC5-4FF0-BCEF-F6CB35742290}.Release|Win32.Build.0 = Release|Win32
		{3F8422F7-8EC5-4FF0-BCEF-F6CB35742290}.Release|x64.ActiveCfg = Release|x64
		{9B1C78DC-D1F2-4857-85D0-A649D9515B40}.Debug|Win32.ActiveCfg = Debug|Win32
		{9B1C78DC-D1F2-4857-85D0-A649D9515B40}.Debug|Win32.Build.0 = Debug|Win32
		{9B1C78DC-D1F2-4857-85D0-A649D9515B40}.Debug|x64.ActiveCfg = Debug|x64
		{9B1C78DC-D1F2-4857-85D0-A649D9515B40}.Debug|x64.Build.0 = Debug|x64
		{9B1C78DC-D1F2-4857-85D0-A649D9515B40}.MemLeaks|Win32.ActiveCfg = MemLeaks|Win32
		{9B1C78DC-D1F2-4857-85D0-A649D9515B40}.MemLeaks|Win32.Build.0 = MemLeaks|Win32
		{9B1C78DC-D1F2-4857-85D0-A649D9515B40}.MemLeaks|x64.ActiveCfg = MemLeaks|x64
		{9B1C78DC-D1F2-4857-85D0-A649D9515B40}.MemLeaks|x64.Build.0 = MemLeaks|x64
		{9B1C78DC-D1F2-4857-85D0-A649D9515B40}.Release|Win32.ActiveCfg = Release|Win32
		{9B1C78DC-D1F2-4857-85D0-A649D9515B40}.Release|Win32.Build.0 = Release|Win32
		{9B1C78DC-D1F2-4857-85D0-A649D9515B40}.Release|x64.ActiveCfg = Release|x64
		{9B1C78DC-D1F2-4857-85D0-A649D9515B40}.Release|x64.Build.0 = Release|x64
		{9138ABF9-041F-4A55-9E87-0F433719F4FC}.Debug|Win32.ActiveCfg = Debug|Win32
		{9138ABF9-041F-4A55-9E87-0F433719F4FC}.Debug|Win32.Build.0 = Debug|Win32
		{9138ABF9-041F-4A55-9E87-0F433719F4FC}.Debug|x64.ActiveCfg = Debug|x64
		{9138ABF9-041F-4A55-9E87-0F433719F4FC}.Debug|x64.Build.0 = Debug|x64
		{9138ABF9-041F-4A55-9E87-0F433719F4FC}.MemLeaks|Win32.ActiveCfg = MemLeaks|Win32
		{9138ABF9-041F-4A55-9E87-0F433719F4FC}.MemLeaks|Win32.Build.0 = MemLeaks|Win32
		{9138ABF9-041F-4A55-9E87-0F433719F4FC}.MemLeaks|x64.ActiveCfg = MemLeaks|x64
		{9138ABF9-041F-4A55-9E87-0F433719F4FC}.MemLeaks|x64.Build.0 = MemLeaks|x64
		{9138ABF9-041F-4A55-9E87-0F433719F4FC}.Release|Win32.ActiveCfg = Release|Win32
		{9138ABF9-041F-4A55-9E87-0F433719F4FC}.Release|Win32.Build.0 = Release|Win32
		{9138ABF9-041F-4A55-9E87-0F433719F4FC}.Release|x64.ActiveCfg = Release|x64
		{9138ABF9-041F-4A55-9E87-0F433719F4FC}.Release|x64.Build.0 = Release|x64
		{0217A4B0-3C9A-4892-9ACB-984653820AC3}.Debug|Win32.ActiveCfg = Debug|Win32
		{0217A4B0-3C9A-4892-9ACB-984653820AC3}.Debug|Win32.Build.0 = Debug|Win32
		{0217A4B0-3C9A-4892-9ACB-984653820AC3}.Debug|x64.ActiveCfg = Debug|x64
		{0217A4B0-3C9A-4892-9ACB-984653820AC3}.MemLeaks|Win32.ActiveCfg = Debug|Win32
		{0217A4B0-3C9A-4892-9ACB-984653820AC3}.MemLeaks|Win32.Build.0 = Debug|Win32
		{0217A4B0-3C9A-4892-9ACB-984653820AC3}.MemLeaks|x64.ActiveCfg = Debug|x64
		{0217A4B0-3C9A-4892-9ACB-984653820AC3}.MemLeaks|x64.Build.0 = Debug|x64
		{0217A4B0-3C9A-4892-9ACB-984653820AC3}.Release|Win32.ActiveCfg = Release|Win32
		{0217A4B0-3C9A-4892-9ACB-984653820AC3}.Release|Win32.Build.0 = Release|Win32
		{0217A4B0-3C9A-4892-9ACB-984653820AC3}.Release|x64.ActiveCfg = Release|x64
		{9C95DF0D-5B60-4E94-94ED-000861C651B4}.Debug|Win32.ActiveCfg = Debug|Win32
		{9C95DF0D-5B60-4E94-94ED-000861C651B4}.Debug|Win32.Build.0 = Debug|Win32
		{9C95DF0D-5B60-4E94-94ED-000861C651B4}.Debug|x64.ActiveCfg = Debug|x64
		{9C95DF0D-5B60-4E94-94ED-000861C651B4}.Debug|x64.Build.0 = Debug|x64
		{9C95DF0D-5B60-4E94-94ED-000861C651B4}.MemLeaks|Win32.ActiveCfg = MemLeaks|Win32
		{9C95DF0D-5B60-4E94-94ED-000861C651B4}.MemLeaks|Win32.Build.0 = MemLeaks|Win32
		{9C95DF0D-5B60-4E94-94ED-000861C651B4}.MemLeaks|x64.ActiveCfg = MemLeaks|x64
		{9C95DF0D-5B60-4E94-94ED-000861C651B4}.MemLeaks|x64.Build.0 = MemLeaks|x64
		{9C95DF0D-5B60-4E94-94ED-000861C651B4}.Release|Win32.ActiveCfg = Release|Win32
		{9C95DF0D-5B60-4E94-94ED-000861C651B4}.Release|Win32.Build.0 = Release|Win32
		{9C95DF0D-5B60-4E94-94ED-000861C651B4}.Release|x64.ActiveCfg = Release|x64
		{9C95DF0D-5B60-4E94-94ED-000861C651B4}.Release|x64.Build.0 = Release|x64
		{0CBAD436-373C-4F35-A620-2D46C12D8FE0}.Debug|Win32.ActiveCfg = Debug|Win32
		{0CBAD436-373C-4F35-A620-2D46C12D8FE0}.Debug|Win32.Build.0 = Debug|Win32
		{0CBAD436-373C-4F35-A620-2D46C12D8FE0}.Debug|x64.ActiveCfg = Debug|x64
		{0CBAD436-373C-4F35-A620-2D46C12D8FE0}.Debug|x64.Build.0 = Debug|x64
		{0CBAD436-373C-4F35-A620-2D46C12D8FE0}.MemLeaks|Win32.ActiveCfg = MemLeaks|Win32
		{0CBAD436-373C-4F35-A620-2D46C12D8FE0}.MemLeaks|Win32.Build.0 = MemLeaks|Win32
		{0CBAD436-373C-4F35-A620-2D46C12D8FE0}.MemLeaks|x64.ActiveCfg = MemLeaks|x64
		{0CBAD436-373C-4F35-A620-2D46C12D8FE0}.MemLeaks|x64.Build.0 = MemLeaks|x64
		{0CBAD436-373C-4F35-A620-2D46C12D8FE0}.Release|Win32.ActiveCfg = Release|Win32
		{0CBAD436-373C-4F35-A620-2D46C12D8FE0}.Release|Win32.Build.0 = Release|Win32
		{0CBAD436-373C-4F35-A620-2D46C12D8FE0}.Release|x64.ActiveCfg = Release|x64
		{0CBAD436-373C-4F35-A620-2D46C12D8FE0}.Release|x64.Build.0 = Release|x64
		{C0F175D2-0285-4C14-8362-98CEBF0C306F}.Debug|Win32.ActiveCfg = Debug|Win32
		{C0F175D2-0285-4C14-8362-98CEBF0C306F}.Debug|Win32.Build.0 = Debug|Win32
		{C0F175D2-0285-4C14-8362-98CEBF0C306F}.Debug|x64.ActiveCfg = Debug|x64
		{C0F175D2-0285-4C14-8362-98CEBF0C306F}.Debug|x64.Build.0 = Debug|x64
		{C0F175D2-0285-4C14-8362-98CEBF0C306F}.MemLeaks|Win32.ActiveCfg = MemLeaks|Win32
		{C0F175D2-0285-4C14-8362-98CEBF0C306F}.MemLeaks|Win32.Build.0 = MemLeaks|Win32
		{C0F175D2-0285-4C14-8362-98CEBF0C306F}.MemLeaks|x64.ActiveCfg = MemLeaks|x64
		{C0F175D2-0285-4C14-8362-98CEBF0C306F}.MemLeaks|x64.Build.0 = MemLeaks|x64
		{C0F175D2-0285-4C14-8362-98CEBF0C306F}.Release|Win32.ActiveCfg = Release|Win32
		{C0F175D2-0285-4C14-8362-98CEBF0C306F}.Release|Win32.Build.0 = Release|Win32
		{C0F175D2-0285-4C14-8362-98CEBF0C306F}.Release|x64.ActiveCfg = Release|x64
		{C0F175D2-0285-4C14-8362-98CEBF0C306F}.Release|x64.Build.0 = Release|x64
		{7506190B-64BE-4D64-95A4-4C22D48E0994}.Debug|Win32.ActiveCfg = Debug|Win32
		{7506190B-64BE-4D64-95A4-4C22D48E0994}.Debug|Win32.Build.0 = Debug|Win32
		{7506190B-64BE-4D64-95A4-4C22D48E0994}.Debug|x64.ActiveCfg = Debug|x64
		{7506190B-64BE-4D64-95A4-4C22D48E0994}.Debug|x64.Build.0 = Debug|x64
		{7506190B-64BE-4D64-95A4-4C22D48E0994}.MemLeaks|Win32.ActiveCfg = MemLeaks|Win32
		{7506190B-64BE-4D64-95A4-4C22D48E0994}.MemLeaks|Win32.Build.0 = MemLeaks|Win32
		{7506190B-64BE-4D64-95A4-4C22D48E0994}.MemLeaks|x64.ActiveCfg = MemLeaks|x64
		{7506190B-64BE-4D64-95A4-4C22D48E0994}.MemLeaks|x64.Build.0 = MemLeaks|x64
		{7506190B-64BE-4D64-95A4-4C22D48E0994}.Release|Win32.ActiveCfg = Release|Win32
		{7506190B-64BE-4D64-95A4-4C22D48E0994}.Release|Win32.Build.0 = Release|Win32
		{7506190B-64BE-4D64-95A4-4C22D48E0994}.Release|x64.ActiveCfg = Release|x64
		{7506190B-64BE-4D64-95A4-4C22D48E0994}.Release|x64.Build.0 = Release|x64
		{FFC13E16-9EC8-44CA-87CC-ACE877DC3A95}.Debug|Win32.ActiveCfg = Debug|Win32
		{FFC13E16-9EC8-44CA-87CC-ACE877DC3A95}.Debug|Win32.Build.0 = Debug|Win32
		{FFC13E16-9EC8-44CA-87CC-ACE877DC3A95}.Debug|x64.ActiveCfg = Debug|x64
		{FFC13E16-9EC8-44CA-87CC-ACE877DC3A95}.MemLeaks|Win32.ActiveCfg = Debug|Win32
		{FFC13E16-9EC8-44CA-87CC-ACE877DC3A95}.MemLeaks|Win32.Build.0 = Debug|Win32
		{FFC13E16-9EC8-44CA-87CC-ACE877DC3A95}.MemLeaks|x64.ActiveCfg = Debug|x64
		{FFC13E16-9EC8-44CA-87CC-ACE877DC3A95}.MemLeaks|x64.Build.0 = Debug|x64
		{FFC13E16-9EC8-44CA-87CC-ACE877DC3A95}.Release|Win32.ActiveCfg = Release|Win32
		{FFC13E16-9EC8-44CA-87CC-ACE877DC3A95}.Release|Win32.Build.0 = Release|Win32
		{FFC13E16-9EC8-44CA-87CC-ACE877DC3A95}.Release|x64.ActiveCfg = Release|x64
		{D3738B06-0CF0-438F-856D-AA92B07F584E}.Debug|Win32.ActiveCfg = Debug|Win32
		{D3738B06-0CF0-438F-856D-AA92B07F584E}.Debug|Win32.Build.0 = Debug|Win32
		{D3738B06-0CF0-438F-856D-AA92B07F584E}.Debug|x64.ActiveCfg = Debug|Win32
		{D3738B06-0CF0-438F-856D-AA92B07F584E}.MemLeaks|Win32.ActiveCfg = Debug|Win32
		{D3738B06-0CF0-438F-856D-AA92B07F584E}.MemLeaks|Win32.Build.0 = Debug|Win32
		{D3738B06-0CF0-438F-856D-AA92B07F584E}.MemLeaks|x64.ActiveCfg = Debug|Win32
		{D3738B06-0CF0-438F-856D-AA92B07F584E}.MemLeaks|x64.Build.0 = Debug|Win32
		{D3738B06-0CF0-438F-856D-AA92B07F584E}.Release|Win32.ActiveCfg = Release|Win32
		{D3738B06-0CF0-438F-856D-AA92B07F584E}.Release|Win32.Build.0 = Release|Win32
		{D3738B06-0CF0-438F-856D-AA92B07F584E}.Release|x64.ActiveCfg = Release|Win32
		{2F406AB6-D010-4196-A523-FAE6F2B1585F}.Debug|Win32.ActiveCfg = Debug|Win32
		{2F406AB6-D010-4196-A523-FAE6F2B1585F}.Debug|Win32.Build.0 = Debug|Win32
		{2F406AB6-D010-4196-A523-FAE6F2B1585F}.Debug|x64.ActiveCfg = Debug|x64
		{2F406AB6-D010-4196-A523-FAE6F2B1585F}.Debug|x64.Build.0 = Debug|x64
		{2F406AB6-D010-4196-A523-FAE6F2B1585F}.MemLeaks|Win32.ActiveCfg = MemLeaks|Win32
		{2F406AB6-D010-4196-A523-FAE6F2B1585F}.MemLeaks|Win32.Build.0 = MemLeaks|Win32
		{2F406AB6-D010-4196-A523-FAE6F2B1585F}.MemLeaks|x64.ActiveCfg = MemLeaks|x64
		{2F406AB6-D010-4196-A523-FAE6F2B1585F}.MemLeaks|x64.Build.0 = MemLeaks|x64
		{2F406AB6-D010-4196-A523-FAE6F2B1585F}.Release|Win32.ActiveCfg = Release|Win32
		{2F406AB6-D010-4196-A523-FAE6F2B1585F}.Release|Win32.Build.0 = Release|Win32
		{2F406AB6-D010-4196-A523-FAE6F2B1585F}.Release|x64.ActiveCfg = Release|x64
		{2F406AB6-D010-4196-A523-FAE6F2B1585F}.Release|x64.Build.0 = Release|x64
		{09F8C9E4-1E99-4EBB-88E6-2A2CA290D718}.Debug|Win32.ActiveCfg = Debug|Win32
		{09F8C9E4-1E99-4EBB-88E6-2A2CA290D718}.Debug|Win32.Build.0 = Debug|Win32
		{09F8C9E4-1E99-4EBB-88E6-2A2CA290D718}.Debug|x64.ActiveCfg = Debug|Win32
		{09F8C9E4-1E99-4EBB-88E6-2A2CA290D718}.MemLeaks|Win32.ActiveCfg = Debug|Win32
		{09F8C9E4-1E99-4EBB-88E6-2A2CA290D718}.MemLeaks|Win32.Build.0 = Debug|Win32
		{09F8C9E4-1E99-4EBB-88E6-2A2CA290D718}.MemLeaks|x64.ActiveCfg = Debug|Win32
		{09F8C9E4-1E99-4EBB-88E6-2A2CA290D718}.MemLeaks|x64.Build.0 = Debug|Win32
		{09F8C9E4-1E99-4EBB-88E6-2A2CA290D718}.Release|Win32.ActiveCfg = Release|Win32
		{09F8C9E4-1E99-4EBB-88E6-2A2CA290D718}.Release|Win32.Build.0 = Release|Win32
		{09F8C9E4-1E99-4EBB-88E6-2A2CA290D718}.Release|x64.ActiveCfg = Release|Win32
		{AB729944-B3C0-44B4-8A63-ADB6C2CDA177}.Debug|Win32.ActiveCfg = Debug|Win32
		{AB729944-B3C0-44B4-8A63-ADB6C2CDA177}.Debug|Win32.Build.0 = Debug|Win32
		{AB729944-B3C0-44B4-8A63-ADB6C2CDA177}.Debug|x64.ActiveCfg = Debug|x64
		{AB729944-B3C0-44B4-8A63-ADB6C2CDA177}.Debug|x64.Build.0 = Debug|x64
		{AB729944-B3C0-44B4-8A63-ADB6C2CDA177}.MemLeaks|Win32.ActiveCfg = MemLeaks|Win32
		{AB729944-B3C0-44B4-8A63-ADB6C2CDA177}.MemLeaks|Win32.Build.0 = MemLeaks|Win32
		{AB729944-B3C0-44B4-8A63-ADB6C2CDA177}.MemLeaks|x64.ActiveCfg = MemLeaks|x64
		{AB729944-B3C0-44B4-8A63-ADB6C2CDA177}.MemLeaks|x64.Build.0 = MemLeaks|x64
		{AB729944-B3C0-44B4-8A63-ADB6C2CDA177}.Release|Win32.ActiveCfg = Release|Win32
		{AB729944-B3C0-44B4-8A63-ADB6C2CDA177}.Release|Win32.Build.0 = Release|Win32
		{AB729944-B3C0-44B4-8A63-ADB6C2CDA177}.Release|x64.ActiveCfg = Release|x64
		{AB729944-B3C0-44B4-8A63-ADB6C2CDA177}.Release|x64.Build.0 = Release|x64
		{CD20A8BE-CC52-465E-9F40-A97A3912ED14}.Debug|Win32.ActiveCfg = Debug|Win32
		{CD20A8BE-CC52-465E-9F40-A97A3912ED14}.Debug|Win32.Build.0 = Debug|Win32
		{CD20A8BE-CC52-465E-9F40-A97A3912ED14}.Debug|x64.ActiveCfg = Debug|x64
		{CD20A8BE-CC52-465E-9F40-A97A3912ED14}.Debug|x64.Build.0 = Debug|x64
		{CD20A8BE-CC52-465E-9F40-A97A3912ED14}.MemLeaks|Win32.ActiveCfg = MemLeaks|Win32
		{CD20A8BE-CC52-465E-9F40-A97A3912ED14}.MemLeaks|Win32.Build.0 = MemLeaks|Win32
		{CD20A8BE-CC52-465E-9F40-A97A3912ED14}.MemLeaks|x64.ActiveCfg = MemLeaks|x64
		{CD20A8BE-CC52-465E-9F40-A97A3912ED14}.MemLeaks|x64.Build.0 = MemLeaks|x64
		{CD20A8BE-CC52-465E-9F40-A97A3912ED14}.Release|Win32.ActiveCfg = Release|Win32
		{CD20A8BE-CC52-465E-9F40-A97A3912ED14}.Release|Win32.Build.0 = Release|Win32
		{CD20A8BE-CC52-465E-9F40-A97A3912ED14}.Release|x64.ActiveCfg = Release|x64
		{CD20A8BE-CC52-465E-9F40-A97A3912ED14}.Release|x64.Build.0 = Release|x64
		{490C6444-6931-4D69-9EC0-B104920591ED}.Debug|Win32.ActiveCfg = Debug|Win32
		{490C6444-6931-4D69-9EC0-B104920591ED}.Debug|Win32.Build.0 = Debug|Win32
		{490C6444-6931-4D69-9EC0-B104920591ED}.Debug|x64.ActiveCfg = Debug|x64
		{490C6444-6931-4D69-9EC0-B104920591ED}.MemLeaks|Win32.ActiveCfg = Debug|Win32
		{490C6444-6931-4D69-9EC0-B104920591ED}.MemLeaks|Win32.Build.0 = Debug|Win32
		{490C6444-6931-4D69-9EC0-B104920591ED}.MemLeaks|x64.ActiveCfg = Debug|x64
		{490C6444-6931-4D69-9EC0-B104920591ED}.MemLeaks|x64.Build.0 = Debug|x64
		{490C6444-6931-4D69-9EC0-B104920591ED}.Release|Win32.ActiveCfg = Release|Win32
		{490C6444-6931-4D69-9EC0-B104920591ED}.Release|Win32.Build.0 = Release|Win32
		{490C6444-6931-4D69-9EC0-B104920591ED}.Release|x64.ActiveCfg = Release|x64
		{AC842F24-4342-42D1-928D-19176B22917C}.Debug|Win32.ActiveCfg = Debug|Win32
		{AC842F24-4342-42D1-928D-19176B22917C}.Debug|Win32.Build.0 = Debug|Win32
		{AC842F24-4342-42D1-928D-19176B22917C}.Debug|x64.ActiveCfg = Debug|x64
		{AC842F24-4342-42D1-928D-19176B22917C}.MemLeaks|Win32.ActiveCfg = Debug|Win32
		{AC842F24-4342-42D1-928D-19176B22917C}.MemLeaks|Win32.Build.0 = Debug|Win32
		{AC842F24-4342-42D1-928D-19176B22917C}.MemLeaks|x64.ActiveCfg = Debug|x64
		{AC842F24-4342-42D1-928D-19176B22917C}.MemLeaks|x64.Build.0 = Debug|x64
		{AC842F24-4342-42D1-928D-19176B22917C}.Release|Win32.ActiveCfg = Release|Win32
		{AC842F24-4342-42D1-928D-19176B22917C}.Release|Win32.Build.0 = Release|Win32
		{AC842F24-4342-42D1-928D-19176B22917C}.Release|x64.ActiveCfg = Release|x64
		{59933D52-BFFA-404B-9613-B2474CB863E1}.Debug|Win32.ActiveCfg = Debug|Win32
		{59933D52-BFFA-404B-9613-B2474CB863E1}.Debug|Win32.Build.0 = Debug|Win32
		{59933D52-BFFA-404B-9613-B2474CB863E1}.Debug|x64.ActiveCfg = Debug|x64
		{59933D52-BFFA-404B-9613-B2474CB863E1}.MemLeaks|Win32.ActiveCfg = Debug|Win32
		{59933D52-BFFA-404B-9613-B2474CB863E1}.MemLeaks|Win32.Build.0 = Debug|Win32
		{59933D52-BFFA-404B-9613-B2474CB863E1}.MemLeaks|x64.ActiveCfg = Debug|x64
		{59933D52-BFFA-404B-9613-B2474CB863E1}.MemLeaks|x64.Build.0 = Debug|x64
		{59933D52-BFFA-404B-9613-B2474CB863E1}.Release|Win32.ActiveCfg = Release|Win32
		{59933D52-BFFA-404B-9613-B2474CB863E1}.Release|Win32.Build.0 = Release|Win32
		{59933D52-BFFA-404B-9613-B2474CB863E1}.Release|x64.ActiveCfg = Release|x64
		{D6CACA33-BA60-4B05-B84C-1D2BA72F0018}.Debug|Win32.ActiveCfg = Debug|Win32
		{D6CACA33-BA60-4B05-B84C-1D2BA72F0018}.Debug|Win32.Build.0 = Debug|Win32
		{D6CACA33-BA60-4B05-B84C-1D2BA72F0018}.Debug|x64.ActiveCfg = Debug|Win32
		{D6CACA33-BA60-4B05-B84C-1D2BA72F0018}.MemLeaks|Win32.ActiveCfg = Debug|Win32
		{D6CACA33-BA60-4B05-B84C-1D2BA72F0018}.MemLeaks|Win32.Build.0 = Debug|Win32
		{D6CACA33-BA60-4B05-B84C-1D2BA72F0018}.MemLeaks|x64.ActiveCfg = Debug|Win32
		{D6CACA33-BA60-4B05-B84C-1D2BA72F0018}.MemLeaks|x64.Build.0 = Debug|Win32
		{D6CACA33-BA60-4B05-B84C-1D2BA72F0018}.Release|Win32.ActiveCfg = Release|Win32
		{D6CACA33-BA60-4B05-B84C-1D2BA72F0018}.Release|Win32.Build.0 = Release|Win32
		{D6CACA33-BA60-4B05-B84C-1D2BA72F0018}.Release|x64.ActiveCfg = Release|Win32
		{049B9EB5-0CA0-417E-9D63-651C81997898}.Debug|Win32.ActiveCfg = Debug|Win32
		{049B9EB5-0CA0-417E-9D63-651C81997898}.Debug|Win32.Build.0 = Debug|Win32
		{049B9EB5-0CA0-417E-9D63-651C81997898}.Debug|x64.ActiveCfg = Debug|Win32
		{049B9EB5-0CA0-417E-9D63-651C81997898}.MemLeaks|Win32.ActiveCfg = Debug|Win32
		{049B9EB5-0CA0-417E-9D63-651C81997898}.MemLeaks|Win32.Build.0 = Debug|Win32
		{049B9EB5-0CA0-417E-9D63-651C81997898}.MemLeaks|x64.ActiveCfg = Debug|Win32
		{049B9EB5-0CA0-417E-9D63-651C81997898}.MemLeaks|x64.Build.0 = Debug|Win32
		{049B9EB5-0CA0-417E-9D63-651C81997898}.Release|Win32.ActiveCfg = Release|Win32
		{049B9EB5-0CA0-417E-9D63-651C81997898}.Release|Win32.Build.0 = Release|Win32
		{049B9EB5-0CA0-417E-9D63-651C81997898}.Release|x64.ActiveCfg = Release|Win32
	EndGlobalSection
	GlobalSection(SolutionProperties) = preSolution
		HideSolutionNode = FALSE
	EndGlobalSection
	GlobalSection(ExtensibilityGlobals) = postSolution
		SolutionGuid = {5C97DB22-E3CC-411C-A484-18E3E2BAC9DF}
	EndGlobalSection
EndGlobal
